
Microsoft Visual Studio Solution File, Format Version 12.00
# Visual Studio Version 16
VisualStudioVersion = 16.0.28407.52
MinimumVisualStudioVersion = 10.0.40219.1
Project("{9A19103F-16F7-4668-BE54-9A1E7A4F7556}") = "Hass.Client", "Hass.Client\Hass.Client.csproj", "{EA3696C3-90E9-49B2-ADA6-94E09122C317}"
EndProject
Project("{FAE04EC0-301F-11D3-BF4B-00C04F79EFBC}") = "Hass.Client.Android", "Hass.Client.Android\Hass.Client.Android.csproj", "{AB877C06-97B6-42C4-A2A0-DE875DFF4B16}"
EndProject
Project("{FAE04EC0-301F-11D3-BF4B-00C04F79EFBC}") = "Hass.Client.UWP", "Hass.Client.UWP\Hass.Client.UWP.csproj", "{E56A86C5-1BCB-449A-B30D-849BC4199B2B}"
EndProject
Project("{FAE04EC0-301F-11D3-BF4B-00C04F79EFBC}") = "Hass.Client.iOS", "Hass.Client.iOS\Hass.Client.iOS.csproj", "{76E49129-CDF4-4C74-BE89-ECA57E13610B}"
EndProject
Project("{FAE04EC0-301F-11D3-BF4B-00C04F79EFBC}") = "Hass.Client.UWP.Tests", "Hass.Client.UWP.Tests\Hass.Client.UWP.Tests.csproj", "{58AA804D-39CC-4359-BEFE-3A6115F2ACA7}"
EndProject
Project("{FAE04EC0-301F-11D3-BF4B-00C04F79EFBC}") = "Hass.Client.Mock", "Hass.Client.Mock\Hass.Client.Mock.csproj", "{1200841F-BD77-4358-B9BE-DFA535E32AC1}"
EndProject
Global
	GlobalSection(SolutionConfigurationPlatforms) = preSolution
		Debug|Any CPU = Debug|Any CPU
		Debug|ARM = Debug|ARM
		Debug|iPhone = Debug|iPhone
		Debug|iPhoneSimulator = Debug|iPhoneSimulator
		Debug|x64 = Debug|x64
		Debug|x86 = Debug|x86
		Release|Any CPU = Release|Any CPU
		Release|ARM = Release|ARM
		Release|iPhone = Release|iPhone
		Release|iPhoneSimulator = Release|iPhoneSimulator
		Release|x64 = Release|x64
		Release|x86 = Release|x86
	EndGlobalSection
	GlobalSection(ProjectConfigurationPlatforms) = postSolution
		{EA3696C3-90E9-49B2-ADA6-94E09122C317}.Debug|Any CPU.ActiveCfg = Debug|Any CPU
		{EA3696C3-90E9-49B2-ADA6-94E09122C317}.Debug|Any CPU.Build.0 = Debug|Any CPU
		{EA3696C3-90E9-49B2-ADA6-94E09122C317}.Debug|ARM.ActiveCfg = Debug|Any CPU
		{EA3696C3-90E9-49B2-ADA6-94E09122C317}.Debug|ARM.Build.0 = Debug|Any CPU
		{EA3696C3-90E9-49B2-ADA6-94E09122C317}.Debug|iPhone.ActiveCfg = Debug|Any CPU
		{EA3696C3-90E9-49B2-ADA6-94E09122C317}.Debug|iPhone.Build.0 = Debug|Any CPU
		{EA3696C3-90E9-49B2-ADA6-94E09122C317}.Debug|iPhoneSimulator.ActiveCfg = Debug|Any CPU
		{EA3696C3-90E9-49B2-ADA6-94E09122C317}.Debug|iPhoneSimulator.Build.0 = Debug|Any CPU
		{EA3696C3-90E9-49B2-ADA6-94E09122C317}.Debug|x64.ActiveCfg = Debug|Any CPU
		{EA3696C3-90E9-49B2-ADA6-94E09122C317}.Debug|x64.Build.0 = Debug|Any CPU
		{EA3696C3-90E9-49B2-ADA6-94E09122C317}.Debug|x86.ActiveCfg = Debug|Any CPU
		{EA3696C3-90E9-49B2-ADA6-94E09122C317}.Debug|x86.Build.0 = Debug|Any CPU
		{EA3696C3-90E9-49B2-ADA6-94E09122C317}.Release|Any CPU.ActiveCfg = Release|Any CPU
		{EA3696C3-90E9-49B2-ADA6-94E09122C317}.Release|Any CPU.Build.0 = Release|Any CPU
		{EA3696C3-90E9-49B2-ADA6-94E09122C317}.Release|ARM.ActiveCfg = Release|Any CPU
		{EA3696C3-90E9-49B2-ADA6-94E09122C317}.Release|ARM.Build.0 = Release|Any CPU
		{EA3696C3-90E9-49B2-ADA6-94E09122C317}.Release|iPhone.ActiveCfg = Release|Any CPU
		{EA3696C3-90E9-49B2-ADA6-94E09122C317}.Release|iPhone.Build.0 = Release|Any CPU
		{EA3696C3-90E9-49B2-ADA6-94E09122C317}.Release|iPhoneSimulator.ActiveCfg = Release|Any CPU
		{EA3696C3-90E9-49B2-ADA6-94E09122C317}.Release|iPhoneSimulator.Build.0 = Release|Any CPU
		{EA3696C3-90E9-49B2-ADA6-94E09122C317}.Release|x64.ActiveCfg = Release|Any CPU
		{EA3696C3-90E9-49B2-ADA6-94E09122C317}.Release|x64.Build.0 = Release|Any CPU
		{EA3696C3-90E9-49B2-ADA6-94E09122C317}.Release|x86.ActiveCfg = Release|Any CPU
		{EA3696C3-90E9-49B2-ADA6-94E09122C317}.Release|x86.Build.0 = Release|Any CPU
		{AB877C06-97B6-42C4-A2A0-DE875DFF4B16}.Debug|Any CPU.ActiveCfg = Debug|Any CPU
		{AB877C06-97B6-42C4-A2A0-DE875DFF4B16}.Debug|Any CPU.Build.0 = Debug|Any CPU
		{AB877C06-97B6-42C4-A2A0-DE875DFF4B16}.Debug|Any CPU.Deploy.0 = Debug|Any CPU
		{AB877C06-97B6-42C4-A2A0-DE875DFF4B16}.Debug|ARM.ActiveCfg = Debug|Any CPU
		{AB877C06-97B6-42C4-A2A0-DE875DFF4B16}.Debug|ARM.Build.0 = Debug|Any CPU
		{AB877C06-97B6-42C4-A2A0-DE875DFF4B16}.Debug|ARM.Deploy.0 = Debug|Any CPU
		{AB877C06-97B6-42C4-A2A0-DE875DFF4B16}.Debug|iPhone.ActiveCfg = Debug|Any CPU
		{AB877C06-97B6-42C4-A2A0-DE875DFF4B16}.Debug|iPhone.Build.0 = Debug|Any CPU
		{AB877C06-97B6-42C4-A2A0-DE875DFF4B16}.Debug|iPhone.Deploy.0 = Debug|Any CPU
		{AB877C06-97B6-42C4-A2A0-DE875DFF4B16}.Debug|iPhoneSimulator.ActiveCfg = Debug|Any CPU
		{AB877C06-97B6-42C4-A2A0-DE875DFF4B16}.Debug|iPhoneSimulator.Build.0 = Debug|Any CPU
		{AB877C06-97B6-42C4-A2A0-DE875DFF4B16}.Debug|iPhoneSimulator.Deploy.0 = Debug|Any CPU
		{AB877C06-97B6-42C4-A2A0-DE875DFF4B16}.Debug|x64.ActiveCfg = Debug|Any CPU
		{AB877C06-97B6-42C4-A2A0-DE875DFF4B16}.Debug|x64.Build.0 = Debug|Any CPU
		{AB877C06-97B6-42C4-A2A0-DE875DFF4B16}.Debug|x64.Deploy.0 = Debug|Any CPU
		{AB877C06-97B6-42C4-A2A0-DE875DFF4B16}.Debug|x86.ActiveCfg = Debug|Any CPU
		{AB877C06-97B6-42C4-A2A0-DE875DFF4B16}.Debug|x86.Build.0 = Debug|Any CPU
		{AB877C06-97B6-42C4-A2A0-DE875DFF4B16}.Debug|x86.Deploy.0 = Debug|Any CPU
		{AB877C06-97B6-42C4-A2A0-DE875DFF4B16}.Release|Any CPU.ActiveCfg = Release|Any CPU
		{AB877C06-97B6-42C4-A2A0-DE875DFF4B16}.Release|Any CPU.Build.0 = Release|Any CPU
		{AB877C06-97B6-42C4-A2A0-DE875DFF4B16}.Release|Any CPU.Deploy.0 = Release|Any CPU
		{AB877C06-97B6-42C4-A2A0-DE875DFF4B16}.Release|ARM.ActiveCfg = Release|Any CPU
		{AB877C06-97B6-42C4-A2A0-DE875DFF4B16}.Release|ARM.Build.0 = Release|Any CPU
		{AB877C06-97B6-42C4-A2A0-DE875DFF4B16}.Release|ARM.Deploy.0 = Release|Any CPU
		{AB877C06-97B6-42C4-A2A0-DE875DFF4B16}.Release|iPhone.ActiveCfg = Release|Any CPU
		{AB877C06-97B6-42C4-A2A0-DE875DFF4B16}.Release|iPhone.Build.0 = Release|Any CPU
		{AB877C06-97B6-42C4-A2A0-DE875DFF4B16}.Release|iPhone.Deploy.0 = Release|Any CPU
		{AB877C06-97B6-42C4-A2A0-DE875DFF4B16}.Release|iPhoneSimulator.ActiveCfg = Release|Any CPU
		{AB877C06-97B6-42C4-A2A0-DE875DFF4B16}.Release|iPhoneSimulator.Build.0 = Release|Any CPU
		{AB877C06-97B6-42C4-A2A0-DE875DFF4B16}.Release|iPhoneSimulator.Deploy.0 = Release|Any CPU
		{AB877C06-97B6-42C4-A2A0-DE875DFF4B16}.Release|x64.ActiveCfg = Release|Any CPU
		{AB877C06-97B6-42C4-A2A0-DE875DFF4B16}.Release|x64.Build.0 = Release|Any CPU
		{AB877C06-97B6-42C4-A2A0-DE875DFF4B16}.Release|x64.Deploy.0 = Release|Any CPU
		{AB877C06-97B6-42C4-A2A0-DE875DFF4B16}.Release|x86.ActiveCfg = Release|Any CPU
		{AB877C06-97B6-42C4-A2A0-DE875DFF4B16}.Release|x86.Build.0 = Release|Any CPU
		{AB877C06-97B6-42C4-A2A0-DE875DFF4B16}.Release|x86.Deploy.0 = Release|Any CPU
		{E56A86C5-1BCB-449A-B30D-849BC4199B2B}.Debug|Any CPU.ActiveCfg = Debug|x86
		{E56A86C5-1BCB-449A-B30D-849BC4199B2B}.Debug|ARM.ActiveCfg = Debug|ARM
		{E56A86C5-1BCB-449A-B30D-849BC4199B2B}.Debug|ARM.Build.0 = Debug|ARM
		{E56A86C5-1BCB-449A-B30D-849BC4199B2B}.Debug|ARM.Deploy.0 = Debug|ARM
		{E56A86C5-1BCB-449A-B30D-849BC4199B2B}.Debug|iPhone.ActiveCfg = Debug|x86
		{E56A86C5-1BCB-449A-B30D-849BC4199B2B}.Debug|iPhoneSimulator.ActiveCfg = Debug|x86
		{E56A86C5-1BCB-449A-B30D-849BC4199B2B}.Debug|x64.ActiveCfg = Debug|x64
		{E56A86C5-1BCB-449A-B30D-849BC4199B2B}.Debug|x64.Build.0 = Debug|x64
		{E56A86C5-1BCB-449A-B30D-849BC4199B2B}.Debug|x64.Deploy.0 = Debug|x64
		{E56A86C5-1BCB-449A-B30D-849BC4199B2B}.Debug|x86.ActiveCfg = Debug|x86
		{E56A86C5-1BCB-449A-B30D-849BC4199B2B}.Debug|x86.Build.0 = Debug|x86
		{E56A86C5-1BCB-449A-B30D-849BC4199B2B}.Debug|x86.Deploy.0 = Debug|x86
		{E56A86C5-1BCB-449A-B30D-849BC4199B2B}.Release|Any CPU.ActiveCfg = Release|x86
		{E56A86C5-1BCB-449A-B30D-849BC4199B2B}.Release|ARM.ActiveCfg = Release|ARM
		{E56A86C5-1BCB-449A-B30D-849BC4199B2B}.Release|ARM.Build.0 = Release|ARM
		{E56A86C5-1BCB-449A-B30D-849BC4199B2B}.Release|ARM.Deploy.0 = Release|ARM
		{E56A86C5-1BCB-449A-B30D-849BC4199B2B}.Release|iPhone.ActiveCfg = Release|x86
		{E56A86C5-1BCB-449A-B30D-849BC4199B2B}.Release|iPhoneSimulator.ActiveCfg = Release|x86
		{E56A86C5-1BCB-449A-B30D-849BC4199B2B}.Release|x64.ActiveCfg = Release|x64
		{E56A86C5-1BCB-449A-B30D-849BC4199B2B}.Release|x64.Build.0 = Release|x64
		{E56A86C5-1BCB-449A-B30D-849BC4199B2B}.Release|x64.Deploy.0 = Release|x64
		{E56A86C5-1BCB-449A-B30D-849BC4199B2B}.Release|x86.ActiveCfg = Release|x86
		{E56A86C5-1BCB-449A-B30D-849BC4199B2B}.Release|x86.Build.0 = Release|x86
		{E56A86C5-1BCB-449A-B30D-849BC4199B2B}.Release|x86.Deploy.0 = Release|x86
		{76E49129-CDF4-4C74-BE89-ECA57E13610B}.Debug|Any CPU.ActiveCfg = Debug|iPhone
		{76E49129-CDF4-4C74-BE89-ECA57E13610B}.Debug|ARM.ActiveCfg = Debug|iPhone
		{76E49129-CDF4-4C74-BE89-ECA57E13610B}.Debug|iPhone.ActiveCfg = Debug|iPhone
		{76E49129-CDF4-4C74-BE89-ECA57E13610B}.Debug|iPhone.Build.0 = Debug|iPhone
		{76E49129-CDF4-4C74-BE89-ECA57E13610B}.Debug|iPhoneSimulator.ActiveCfg = Debug|iPhoneSimulator
		{76E49129-CDF4-4C74-BE89-ECA57E13610B}.Debug|iPhoneSimulator.Build.0 = Debug|iPhoneSimulator
		{76E49129-CDF4-4C74-BE89-ECA57E13610B}.Debug|x64.ActiveCfg = Debug|iPhone
		{76E49129-CDF4-4C74-BE89-ECA57E13610B}.Debug|x86.ActiveCfg = Debug|iPhone
		{76E49129-CDF4-4C74-BE89-ECA57E13610B}.Release|Any CPU.ActiveCfg = Release|iPhone
		{76E49129-CDF4-4C74-BE89-ECA57E13610B}.Release|ARM.ActiveCfg = Release|iPhone
		{76E49129-CDF4-4C74-BE89-ECA57E13610B}.Release|iPhone.ActiveCfg = Release|iPhone
		{76E49129-CDF4-4C74-BE89-ECA57E13610B}.Release|iPhone.Build.0 = Release|iPhone
		{76E49129-CDF4-4C74-BE89-ECA57E13610B}.Release|iPhoneSimulator.ActiveCfg = Release|iPhoneSimulator
		{76E49129-CDF4-4C74-BE89-ECA57E13610B}.Release|iPhoneSimulator.Build.0 = Release|iPhoneSimulator
		{76E49129-CDF4-4C74-BE89-ECA57E13610B}.Release|x64.ActiveCfg = Release|iPhone
		{76E49129-CDF4-4C74-BE89-ECA57E13610B}.Release|x86.ActiveCfg = Release|iPhone
		{58AA804D-39CC-4359-BEFE-3A6115F2ACA7}.Debug|Any CPU.ActiveCfg = Debug|x86
		{58AA804D-39CC-4359-BEFE-3A6115F2ACA7}.Debug|ARM.ActiveCfg = Debug|ARM
		{58AA804D-39CC-4359-BEFE-3A6115F2ACA7}.Debug|ARM.Build.0 = Debug|ARM
		{58AA804D-39CC-4359-BEFE-3A6115F2ACA7}.Debug|ARM.Deploy.0 = Debug|ARM
		{58AA804D-39CC-4359-BEFE-3A6115F2ACA7}.Debug|iPhone.ActiveCfg = Debug|x86
		{58AA804D-39CC-4359-BEFE-3A6115F2ACA7}.Debug|iPhoneSimulator.ActiveCfg = Debug|x86
		{58AA804D-39CC-4359-BEFE-3A6115F2ACA7}.Debug|x64.ActiveCfg = Debug|x64
		{58AA804D-39CC-4359-BEFE-3A6115F2ACA7}.Debug|x64.Build.0 = Debug|x64
		{58AA804D-39CC-4359-BEFE-3A6115F2ACA7}.Debug|x64.Deploy.0 = Debug|x64
		{58AA804D-39CC-4359-BEFE-3A6115F2ACA7}.Debug|x86.ActiveCfg = Debug|x86
		{58AA804D-39CC-4359-BEFE-3A6115F2ACA7}.Debug|x86.Build.0 = Debug|x86
		{58AA804D-39CC-4359-BEFE-3A6115F2ACA7}.Debug|x86.Deploy.0 = Debug|x86
		{58AA804D-39CC-4359-BEFE-3A6115F2ACA7}.Release|Any CPU.ActiveCfg = Release|x86
		{58AA804D-39CC-4359-BEFE-3A6115F2ACA7}.Release|ARM.ActiveCfg = Release|ARM
		{58AA804D-39CC-4359-BEFE-3A6115F2ACA7}.Release|ARM.Build.0 = Release|ARM
		{58AA804D-39CC-4359-BEFE-3A6115F2ACA7}.Release|ARM.Deploy.0 = Release|ARM
		{58AA804D-39CC-4359-BEFE-3A6115F2ACA7}.Release|iPhone.ActiveCfg = Release|x86
		{58AA804D-39CC-4359-BEFE-3A6115F2ACA7}.Release|iPhoneSimulator.ActiveCfg = Release|x86
		{58AA804D-39CC-4359-BEFE-3A6115F2ACA7}.Release|x64.ActiveCfg = Release|x64
		{58AA804D-39CC-4359-BEFE-3A6115F2ACA7}.Release|x64.Build.0 = Release|x64
		{58AA804D-39CC-4359-BEFE-3A6115F2ACA7}.Release|x64.Deploy.0 = Release|x64
		{58AA804D-39CC-4359-BEFE-3A6115F2ACA7}.Release|x86.ActiveCfg = Release|x86
		{58AA804D-39CC-4359-BEFE-3A6115F2ACA7}.Release|x86.Build.0 = Release|x86
		{58AA804D-39CC-4359-BEFE-3A6115F2ACA7}.Release|x86.Deploy.0 = Release|x86
		{1200841F-BD77-4358-B9BE-DFA535E32AC1}.Debug|Any CPU.ActiveCfg = Debug|Any CPU
		{1200841F-BD77-4358-B9BE-DFA535E32AC1}.Debug|Any CPU.Build.0 = Debug|Any CPU
		{1200841F-BD77-4358-B9BE-DFA535E32AC1}.Debug|ARM.ActiveCfg = Debug|Any CPU
		{1200841F-BD77-4358-B9BE-DFA535E32AC1}.Debug|ARM.Build.0 = Debug|Any CPU
		{1200841F-BD77-4358-B9BE-DFA535E32AC1}.Debug|iPhone.ActiveCfg = Debug|Any CPU
		{1200841F-BD77-4358-B9BE-DFA535E32AC1}.Debug|iPhone.Build.0 = Debug|Any CPU
		{1200841F-BD77-4358-B9BE-DFA535E32AC1}.Debug|iPhoneSimulator.ActiveCfg = Debug|Any CPU
		{1200841F-BD77-4358-B9BE-DFA535E32AC1}.Debug|iPhoneSimulator.Build.0 = Debug|Any CPU
		{1200841F-BD77-4358-B9BE-DFA535E32AC1}.Debug|x64.ActiveCfg = Debug|Any CPU
		{1200841F-BD77-4358-B9BE-DFA535E32AC1}.Debug|x64.Build.0 = Debug|Any CPU
		{1200841F-BD77-4358-B9BE-DFA535E32AC1}.Debug|x86.ActiveCfg = Debug|Any CPU
		{1200841F-BD77-4358-B9BE-DFA535E32AC1}.Debug|x86.Build.0 = Debug|Any CPU
		{1200841F-BD77-4358-B9BE-DFA535E32AC1}.Release|Any CPU.ActiveCfg = Release|Any CPU
		{1200841F-BD77-4358-B9BE-DFA535E32AC1}.Release|Any CPU.Build.0 = Release|Any CPU
		{1200841F-BD77-4358-B9BE-DFA535E32AC1}.Release|ARM.ActiveCfg = Release|Any CPU
		{1200841F-BD77-4358-B9BE-DFA535E32AC1}.Release|ARM.Build.0 = Release|Any CPU
		{1200841F-BD77-4358-B9BE-DFA535E32AC1}.Release|iPhone.ActiveCfg = Release|Any CPU
		{1200841F-BD77-4358-B9BE-DFA535E32AC1}.Release|iPhone.Build.0 = Release|Any CPU
		{1200841F-BD77-4358-B9BE-DFA535E32AC1}.Release|iPhoneSimulator.ActiveCfg = Release|Any CPU
		{1200841F-BD77-4358-B9BE-DFA535E32AC1}.Release|iPhoneSimulator.Build.0 = Release|Any CPU
		{1200841F-BD77-4358-B9BE-DFA535E32AC1}.Release|x64.ActiveCfg = Release|Any CPU
		{1200841F-BD77-4358-B9BE-DFA535E32AC1}.Release|x64.Build.0 = Release|Any CPU
		{1200841F-BD77-4358-B9BE-DFA535E32AC1}.Release|x86.ActiveCfg = Release|Any CPU
		{1200841F-BD77-4358-B9BE-DFA535E32AC1}.Release|x86.Build.0 = Release|Any CPU
	EndGlobalSection
	GlobalSection(SolutionProperties) = preSolution
		HideSolutionNode = FALSE
	EndGlobalSection
	GlobalSection(ExtensibilityGlobals) = postSolution
		SolutionGuid = {44132F70-A4E4-4BDC-92E7-E84A0402FA0D}
	EndGlobalSection
EndGlobal
